{
  "name": "ionic5-star-rating",
  "version": "0.0.1",
  "lockfileVersion": 2,
  "requires": true,
  "packages": {
    "": {
      "name": "ionic5-star-rating",
      "version": "0.0.1",
      "dependencies": {
        "tslib": "^1.9.0"
      },
      "peerDependencies": {
        "@angular/common": "^14.2.10",
        "@angular/core": "^14.2.10",
        "@ionic/angular": "^6.0.0"
      }
    },
    "node_modules/@angular/common": {
      "version": "14.2.10",
      "resolved": "https://registry.npmjs.org/@angular/common/-/common-14.2.10.tgz",
      "integrity": "sha512-uXtopPVKq1in/wcyMUYNk9uVDJ1ArlZ0wkfZEE1EMFaIZXR4p1fkbH1zMukUK+ldRlyqkuT1btZUq15incsKcg==",
      "peer": true,
      "dependencies": {
        "tslib": "^2.3.0"
      },
      "engines": {
        "node": "^14.15.0 || >=16.10.0"
      },
      "peerDependencies": {
        "@angular/core": "14.2.10",
        "rxjs": "^6.5.3 || ^7.4.0"
      }
    },
    "node_modules/@angular/common/node_modules/tslib": {
      "version": "2.4.1",
      "resolved": "https://registry.npmjs.org/tslib/-/tslib-2.4.1.tgz",
      "integrity": "sha512-tGyy4dAjRIEwI7BzsB0lynWgOpfqjUdq91XXAlIWD2OwKBH7oCl/GZG/HT4BOHrTlPMOASlMQ7veyTqpmRcrNA==",
      "peer": true
    },
    "node_modules/@angular/core": {
      "version": "14.2.10",
      "resolved": "https://registry.npmjs.org/@angular/core/-/core-14.2.10.tgz",
      "integrity": "sha512-3XN+c0+tAtcUc8o7sQ41RLcSFPMt8krCfKFpDUOQwKjm90OOBcoG0LfmRfYBFNAenQh4glQQGOaYvLY98bTFTw==",
      "peer": true,
      "dependencies": {
        "tslib": "^2.3.0"
      },
      "engines": {
        "node": "^14.15.0 || >=16.10.0"
      },
      "peerDependencies": {
        "rxjs": "^6.5.3 || ^7.4.0",
        "zone.js": "~0.11.4 || ~0.12.0"
      }
    },
    "node_modules/@angular/core/node_modules/tslib": {
      "version": "2.4.1",
      "resolved": "https://registry.npmjs.org/tslib/-/tslib-2.4.1.tgz",
      "integrity": "sha512-tGyy4dAjRIEwI7BzsB0lynWgOpfqjUdq91XXAlIWD2OwKBH7oCl/GZG/HT4BOHrTlPMOASlMQ7veyTqpmRcrNA==",
      "peer": true
    },
    "node_modules/@angular/forms": {
      "version": "14.2.10",
      "resolved": "https://registry.npmjs.org/@angular/forms/-/forms-14.2.10.tgz",
      "integrity": "sha512-6Wa7Knx+dbVS9+Z05m86pErRb1f3uG9gQ30+nRenjJW1d3HCyFPj6gteqQPUAOhtc4zN4L33pR52UuKoHUYJOQ==",
      "peer": true,
      "dependencies": {
        "tslib": "^2.3.0"
      },
      "engines": {
        "node": "^14.15.0 || >=16.10.0"
      },
      "peerDependencies": {
        "@angular/common": "14.2.10",
        "@angular/core": "14.2.10",
        "@angular/platform-browser": "14.2.10",
        "rxjs": "^6.5.3 || ^7.4.0"
      }
    },
    "node_modules/@angular/forms/node_modules/tslib": {
      "version": "2.4.1",
      "resolved": "https://registry.npmjs.org/tslib/-/tslib-2.4.1.tgz",
      "integrity": "sha512-tGyy4dAjRIEwI7BzsB0lynWgOpfqjUdq91XXAlIWD2OwKBH7oCl/GZG/HT4BOHrTlPMOASlMQ7veyTqpmRcrNA==",
      "peer": true
    },
    "node_modules/@angular/platform-browser": {
      "version": "14.2.10",
      "resolved": "https://registry.npmjs.org/@angular/platform-browser/-/platform-browser-14.2.10.tgz",
      "integrity": "sha512-oYd5UMuGt4bocGFEaNYhQ7vzZFygLzCVM+SYxgfOHcgzeofZOjdaZgb84ANKgca5jguZg2ZGo1iklAbvfMrk2A==",
      "peer": true,
      "dependencies": {
        "tslib": "^2.3.0"
      },
      "engines": {
        "node": "^14.15.0 || >=16.10.0"
      },
      "peerDependencies": {
        "@angular/animations": "14.2.10",
        "@angular/common": "14.2.10",
        "@angular/core": "14.2.10"
      },
      "peerDependenciesMeta": {
        "@angular/animations": {
          "optional": true
        }
      }
    },
    "node_modules/@angular/platform-browser/node_modules/tslib": {
      "version": "2.4.1",
      "resolved": "https://registry.npmjs.org/tslib/-/tslib-2.4.1.tgz",
      "integrity": "sha512-tGyy4dAjRIEwI7BzsB0lynWgOpfqjUdq91XXAlIWD2OwKBH7oCl/GZG/HT4BOHrTlPMOASlMQ7veyTqpmRcrNA==",
      "peer": true
    },
    "node_modules/@angular/router": {
      "version": "14.2.10",
      "resolved": "https://registry.npmjs.org/@angular/router/-/router-14.2.10.tgz",
      "integrity": "sha512-Pnyy+j6WGh+VlvdsfqWCumlwCrYH5HgcJcrvmjhohTf/dtexfwTGmuqFU+6/d4vRugG84xsLH3wIlnW6P7WEXw==",
      "peer": true,
      "dependencies": {
        "tslib": "^2.3.0"
      },
      "engines": {
        "node": "^14.15.0 || >=16.10.0"
      },
      "peerDependencies": {
        "@angular/common": "14.2.10",
        "@angular/core": "14.2.10",
        "@angular/platform-browser": "14.2.10",
        "rxjs": "^6.5.3 || ^7.4.0"
      }
    },
    "node_modules/@angular/router/node_modules/tslib": {
      "version": "2.4.1",
      "resolved": "https://registry.npmjs.org/tslib/-/tslib-2.4.1.tgz",
      "integrity": "sha512-tGyy4dAjRIEwI7BzsB0lynWgOpfqjUdq91XXAlIWD2OwKBH7oCl/GZG/HT4BOHrTlPMOASlMQ7veyTqpmRcrNA==",
      "peer": true
    },
    "node_modules/@ionic/angular": {
      "version": "6.3.6",
      "resolved": "https://registry.npmjs.org/@ionic/angular/-/angular-6.3.6.tgz",
      "integrity": "sha512-CbMpTm4RpRsxDNGCfNoOCsV8TKCQzG6tgOo5799DHr8vZmh3y8KBjcL2yQzzTcAYiK8yHHug8ZKB9TEwi9qjkg==",
      "peer": true,
      "dependencies": {
        "@ionic/core": "^6.3.6",
        "jsonc-parser": "^3.0.0",
        "tslib": "^2.0.0"
      },
      "peerDependencies": {
        "@angular/core": ">=12.0.0",
        "@angular/forms": ">=12.0.0",
        "@angular/router": ">=12.0.0",
        "rxjs": ">=6.6.0",
        "zone.js": ">=0.11.0"
      }
    },
    "node_modules/@ionic/angular/node_modules/tslib": {
      "version": "2.4.1",
      "resolved": "https://registry.npmjs.org/tslib/-/tslib-2.4.1.tgz",
      "integrity": "sha512-tGyy4dAjRIEwI7BzsB0lynWgOpfqjUdq91XXAlIWD2OwKBH7oCl/GZG/HT4BOHrTlPMOASlMQ7veyTqpmRcrNA==",
      "peer": true
    },
    "node_modules/@ionic/core": {
      "version": "6.3.6",
      "resolved": "https://registry.npmjs.org/@ionic/core/-/core-6.3.6.tgz",
      "integrity": "sha512-QbLp9XNRfFHUVpSEEcFJYEyxek6Vi82EDIdJj0JvUPqMFdzF93dfzRoEIOos52jWxTG4LwGHLHlWem/3stF5Rg==",
      "peer": true,
      "dependencies": {
        "@stencil/core": "^2.18.0",
        "ionicons": "^6.0.4",
        "tslib": "^2.1.0"
      }
    },
    "node_modules/@ionic/core/node_modules/tslib": {
      "version": "2.4.1",
      "resolved": "https://registry.npmjs.org/tslib/-/tslib-2.4.1.tgz",
      "integrity": "sha512-tGyy4dAjRIEwI7BzsB0lynWgOpfqjUdq91XXAlIWD2OwKBH7oCl/GZG/HT4BOHrTlPMOASlMQ7veyTqpmRcrNA==",
      "peer": true
    },
    "node_modules/@stencil/core": {
      "version": "2.19.2",
      "resolved": "https://registry.npmjs.org/@stencil/core/-/core-2.19.2.tgz",
      "integrity": "sha512-TK3sHqyQAACwcac4fWntypFtN9c/y+y9ioZojeCnNDY3dxF33Ax70lL9ZLDyQnWWR+aTh1WFoqB5sYOnZIUKMA==",
      "peer": true,
      "bin": {
        "stencil": "bin/stencil"
      },
      "engines": {
        "node": ">=12.10.0",
        "npm": ">=6.0.0"
      }
    },
    "node_modules/ionicons": {
      "version": "6.0.4",
      "resolved": "https://registry.npmjs.org/ionicons/-/ionicons-6.0.4.tgz",
      "integrity": "sha512-uDNOkBo0OVYV+kIhb51g9mb7r3Z0b+78GPZQBsjXuaetNmrB/mNTqN/uFtO+vxL/rQySKjzk8qeKJI5NWL9Ueg==",
      "peer": true,
      "dependencies": {
        "@stencil/core": "^2.18.0"
      }
    },
    "node_modules/jsonc-parser": {
      "version": "3.2.0",
      "resolved": "https://registry.npmjs.org/jsonc-parser/-/jsonc-parser-3.2.0.tgz",
      "integrity": "sha512-gfFQZrcTc8CnKXp6Y4/CBT3fTc0OVuDofpre4aEeEpSBPV5X5v4+Vmx+8snU7RLPrNHPKSgLxGo9YuQzz20o+w==",
      "peer": true
    },
    "node_modules/rxjs": {
      "version": "7.5.7",
      "resolved": "https://registry.npmjs.org/rxjs/-/rxjs-7.5.7.tgz",
      "integrity": "sha512-z9MzKh/UcOqB3i20H6rtrlaE/CgjLOvheWK/9ILrbhROGTweAi1BaFsTT9FbwZi5Trr1qNRs+MXkhmR06awzQA==",
      "peer": true,
      "dependencies": {
        "tslib": "^2.1.0"
      }
    },
    "node_modules/rxjs/node_modules/tslib": {
      "version": "2.4.1",
      "resolved": "https://registry.npmjs.org/tslib/-/tslib-2.4.1.tgz",
      "integrity": "sha512-tGyy4dAjRIEwI7BzsB0lynWgOpfqjUdq91XXAlIWD2OwKBH7oCl/GZG/HT4BOHrTlPMOASlMQ7veyTqpmRcrNA==",
      "peer": true
    },
    "node_modules/tslib": {
      "version": "1.14.1",
      "resolved": "https://registry.npmjs.org/tslib/-/tslib-1.14.1.tgz",
      "integrity": "sha512-Xni35NKzjgMrwevysHTCArtLDpPvye8zV/0E4EyYn43P7/7qvQwPh9BGkHewbMulVntbigmcT7rdX3BNo9wRJg=="
    },
    "node_modules/zone.js": {
      "version": "0.12.0",
      "resolved": "https://registry.npmjs.org/zone.js/-/zone.js-0.12.0.tgz",
      "integrity": "sha512-XtC+I5dXU14HrzidAKBNMqneIVUykLEAA1x+v4KVrd6AUPWlwYORF8KgsVqvgdHiKZ4BkxxjvYi/ksEixTPR0Q==",
      "peer": true,
      "dependencies": {
        "tslib": "^2.3.0"
      }
    },
    "node_modules/zone.js/node_modules/tslib": {
      "version": "2.4.1",
      "resolved": "https://registry.npmjs.org/tslib/-/tslib-2.4.1.tgz",
      "integrity": "sha512-tGyy4dAjRIEwI7BzsB0lynWgOpfqjUdq91XXAlIWD2OwKBH7oCl/GZG/HT4BOHrTlPMOASlMQ7veyTqpmRcrNA==",
      "peer": true
    }
  },
  "dependencies": {
    "@angular/common": {
      "version": "14.2.10",
      "resolved": "https://registry.npmjs.org/@angular/common/-/common-14.2.10.tgz",
      "integrity": "sha512-uXtopPVKq1in/wcyMUYNk9uVDJ1ArlZ0wkfZEE1EMFaIZXR4p1fkbH1zMukUK+ldRlyqkuT1btZUq15incsKcg==",
      "peer": true,
      "requires": {
        "tslib": "^2.3.0"
      },
      "dependencies": {
        "tslib": {
          "version": "2.4.1",
          "resolved": "https://registry.npmjs.org/tslib/-/tslib-2.4.1.tgz",
          "integrity": "sha512-tGyy4dAjRIEwI7BzsB0lynWgOpfqjUdq91XXAlIWD2OwKBH7oCl/GZG/HT4BOHrTlPMOASlMQ7veyTqpmRcrNA==",
          "peer": true
        }
      }
    },
    "@angular/core": {
      "version": "14.2.10",
      "resolved": "https://registry.npmjs.org/@angular/core/-/core-14.2.10.tgz",
      "integrity": "sha512-3XN+c0+tAtcUc8o7sQ41RLcSFPMt8krCfKFpDUOQwKjm90OOBcoG0LfmRfYBFNAenQh4glQQGOaYvLY98bTFTw==",
      "peer": true,
      "requires": {
        "tslib": "^2.3.0"
      },
      "dependencies": {
        "tslib": {
          "version": "2.4.1",
          "resolved": "https://registry.npmjs.org/tslib/-/tslib-2.4.1.tgz",
          "integrity": "sha512-tGyy4dAjRIEwI7BzsB0lynWgOpfqjUdq91XXAlIWD2OwKBH7oCl/GZG/HT4BOHrTlPMOASlMQ7veyTqpmRcrNA==",
          "peer": true
        }
      }
    },
    "@angular/forms": {
      "version": "14.2.10",
      "resolved": "https://registry.npmjs.org/@angular/forms/-/forms-14.2.10.tgz",
      "integrity": "sha512-6Wa7Knx+dbVS9+Z05m86pErRb1f3uG9gQ30+nRenjJW1d3HCyFPj6gteqQPUAOhtc4zN4L33pR52UuKoHUYJOQ==",
      "peer": true,
      "requires": {
        "tslib": "^2.3.0"
      },
      "dependencies": {
        "tslib": {
          "version": "2.4.1",
          "resolved": "https://registry.npmjs.org/tslib/-/tslib-2.4.1.tgz",
          "integrity": "sha512-tGyy4dAjRIEwI7BzsB0lynWgOpfqjUdq91XXAlIWD2OwKBH7oCl/GZG/HT4BOHrTlPMOASlMQ7veyTqpmRcrNA==",
          "peer": true
        }
      }
    },
    "@angular/platform-browser": {
      "version": "14.2.10",
      "resolved": "https://registry.npmjs.org/@angular/platform-browser/-/platform-browser-14.2.10.tgz",
      "integrity": "sha512-oYd5UMuGt4bocGFEaNYhQ7vzZFygLzCVM+SYxgfOHcgzeofZOjdaZgb84ANKgca5jguZg2ZGo1iklAbvfMrk2A==",
      "peer": true,
      "requires": {
        "tslib": "^2.3.0"
      },
      "dependencies": {
        "tslib": {
          "version": "2.4.1",
          "resolved": "https://registry.npmjs.org/tslib/-/tslib-2.4.1.tgz",
          "integrity": "sha512-tGyy4dAjRIEwI7BzsB0lynWgOpfqjUdq91XXAlIWD2OwKBH7oCl/GZG/HT4BOHrTlPMOASlMQ7veyTqpmRcrNA==",
          "peer": true
        }
      }
    },
    "@angular/router": {
      "version": "14.2.10",
      "resolved": "https://registry.npmjs.org/@angular/router/-/router-14.2.10.tgz",
      "integrity": "sha512-Pnyy+j6WGh+VlvdsfqWCumlwCrYH5HgcJcrvmjhohTf/dtexfwTGmuqFU+6/d4vRugG84xsLH3wIlnW6P7WEXw==",
      "peer": true,
      "requires": {
        "tslib": "^2.3.0"
      },
      "dependencies": {
        "tslib": {
          "version": "2.4.1",
          "resolved": "https://registry.npmjs.org/tslib/-/tslib-2.4.1.tgz",
          "integrity": "sha512-tGyy4dAjRIEwI7BzsB0lynWgOpfqjUdq91XXAlIWD2OwKBH7oCl/GZG/HT4BOHrTlPMOASlMQ7veyTqpmRcrNA==",
          "peer": true
        }
      }
    },
    "@ionic/angular": {
      "version": "6.3.6",
      "resolved": "https://registry.npmjs.org/@ionic/angular/-/angular-6.3.6.tgz",
      "integrity": "sha512-CbMpTm4RpRsxDNGCfNoOCsV8TKCQzG6tgOo5799DHr8vZmh3y8KBjcL2yQzzTcAYiK8yHHug8ZKB9TEwi9qjkg==",
      "peer": true,
      "requires": {
        "@ionic/core": "^6.3.6",
        "jsonc-parser": "^3.0.0",
        "tslib": "^2.0.0"
      },
      "dependencies": {
        "tslib": {
          "version": "2.4.1",
          "resolved": "https://registry.npmjs.org/tslib/-/tslib-2.4.1.tgz",
          "integrity": "sha512-tGyy4dAjRIEwI7BzsB0lynWgOpfqjUdq91XXAlIWD2OwKBH7oCl/GZG/HT4BOHrTlPMOASlMQ7veyTqpmRcrNA==",
          "peer": true
        }
      }
    },
    "@ionic/core": {
      "version": "6.3.6",
      "resolved": "https://registry.npmjs.org/@ionic/core/-/core-6.3.6.tgz",
      "integrity": "sha512-QbLp9XNRfFHUVpSEEcFJYEyxek6Vi82EDIdJj0JvUPqMFdzF93dfzRoEIOos52jWxTG4LwGHLHlWem/3stF5Rg==",
      "peer": true,
      "requires": {
        "@stencil/core": "^2.18.0",
        "ionicons": "^6.0.4",
        "tslib": "^2.1.0"
      },
      "dependencies": {
        "tslib": {
          "version": "2.4.1",
          "resolved": "https://registry.npmjs.org/tslib/-/tslib-2.4.1.tgz",
          "integrity": "sha512-tGyy4dAjRIEwI7BzsB0lynWgOpfqjUdq91XXAlIWD2OwKBH7oCl/GZG/HT4BOHrTlPMOASlMQ7veyTqpmRcrNA==",
          "peer": true
        }
      }
    },
    "@stencil/core": {
      "version": "2.19.2",
      "resolved": "https://registry.npmjs.org/@stencil/core/-/core-2.19.2.tgz",
      "integrity": "sha512-TK3sHqyQAACwcac4fWntypFtN9c/y+y9ioZojeCnNDY3dxF33Ax70lL9ZLDyQnWWR+aTh1WFoqB5sYOnZIUKMA==",
      "peer": true
    },
    "ionicons": {
      "version": "6.0.4",
      "resolved": "https://registry.npmjs.org/ionicons/-/ionicons-6.0.4.tgz",
      "integrity": "sha512-uDNOkBo0OVYV+kIhb51g9mb7r3Z0b+78GPZQBsjXuaetNmrB/mNTqN/uFtO+vxL/rQySKjzk8qeKJI5NWL9Ueg==",
      "peer": true,
      "requires": {
        "@stencil/core": "^2.18.0"
      }
    },
    "jsonc-parser": {
      "version": "3.2.0",
      "resolved": "https://registry.npmjs.org/jsonc-parser/-/jsonc-parser-3.2.0.tgz",
      "integrity": "sha512-gfFQZrcTc8CnKXp6Y4/CBT3fTc0OVuDofpre4aEeEpSBPV5X5v4+Vmx+8snU7RLPrNHPKSgLxGo9YuQzz20o+w==",
      "peer": true
    },
    "rxjs": {
      "version": "7.5.7",
      "resolved": "https://registry.npmjs.org/rxjs/-/rxjs-7.5.7.tgz",
      "integrity": "sha512-z9MzKh/UcOqB3i20H6rtrlaE/CgjLOvheWK/9ILrbhROGTweAi1BaFsTT9FbwZi5Trr1qNRs+MXkhmR06awzQA==",
      "peer": true,
      "requires": {
        "tslib": "^2.1.0"
      },
      "dependencies": {
        "tslib": {
          "version": "2.4.1",
          "resolved": "https://registry.npmjs.org/tslib/-/tslib-2.4.1.tgz",
          "integrity": "sha512-tGyy4dAjRIEwI7BzsB0lynWgOpfqjUdq91XXAlIWD2OwKBH7oCl/GZG/HT4BOHrTlPMOASlMQ7veyTqpmRcrNA==",
          "peer": true
        }
      }
    },
    "tslib": {
      "version": "1.14.1",
      "resolved": "https://registry.npmjs.org/tslib/-/tslib-1.14.1.tgz",
      "integrity": "sha512-Xni35NKzjgMrwevysHTCArtLDpPvye8zV/0E4EyYn43P7/7qvQwPh9BGkHewbMulVntbigmcT7rdX3BNo9wRJg=="
    },
    "zone.js": {
      "version": "0.12.0",
      "resolved": "https://registry.npmjs.org/zone.js/-/zone.js-0.12.0.tgz",
      "integrity": "sha512-XtC+I5dXU14HrzidAKBNMqneIVUykLEAA1x+v4KVrd6AUPWlwYORF8KgsVqvgdHiKZ4BkxxjvYi/ksEixTPR0Q==",
      "peer": true,
      "requires": {
        "tslib": "^2.3.0"
      },
      "dependencies": {
        "tslib": {
          "version": "2.4.1",
          "resolved": "https://registry.npmjs.org/tslib/-/tslib-2.4.1.tgz",
          "integrity": "sha512-tGyy4dAjRIEwI7BzsB0lynWgOpfqjUdq91XXAlIWD2OwKBH7oCl/GZG/HT4BOHrTlPMOASlMQ7veyTqpmRcrNA==",
          "peer": true
        }
      }
    }
  }
}
